# THIS IS AN AUTOGENERATED FILE. DO NOT EDIT THIS FILE DIRECTLY.
# yarn lockfile v1


"@babel/runtime@^7.21.0":
  "integrity" "sha512-XsDuspWKLUsxwCp6r7EhsExHtYfbe5oAGQ19kqngTdCPUoPQzOPdUbD/pB9PJiwb2ptYKQDjSJT3R6dC+EPqfQ=="
  "resolved" "https://registry.npmjs.org/@babel/runtime/-/runtime-7.22.3.tgz"
  "version" "7.22.3"
  dependencies:
    "regenerator-runtime" "^0.13.11"

"@jridgewell/gen-mapping@^0.3.0":
  "integrity" "sha512-HLhSWOLRi875zjjMG/r+Nv0oCW8umGb0BgEhyX3dDX3egwZtB8PqLnjz3yedt8R5StBrzcg4aBpnh8UA9D1BoQ=="
  "resolved" "https://registry.npmjs.org/@jridgewell/gen-mapping/-/gen-mapping-0.3.3.tgz"
  "version" "0.3.3"
  dependencies:
    "@jridgewell/set-array" "^1.0.1"
    "@jridgewell/sourcemap-codec" "^1.4.10"
    "@jridgewell/trace-mapping" "^0.3.9"

"@jridgewell/resolve-uri@3.1.0":
  "integrity" "sha512-F2msla3tad+Mfht5cJq7LSXcdudKTWCVYUgw6pLFOOHSTtZlj6SWNYAp+AhuqLmWdBO2X5hPrLcu8cVP8fy28w=="
  "resolved" "https://registry.npmjs.org/@jridgewell/resolve-uri/-/resolve-uri-3.1.0.tgz"
  "version" "3.1.0"

"@jridgewell/set-array@^1.0.1":
  "integrity" "sha512-xnkseuNADM0gt2bs+BvhO0p78Mk762YnZdsuzFV018NoG1Sj1SCQvpSqa7XUaTam5vAGasABV9qXASMKnFMwMw=="
  "resolved" "https://registry.npmjs.org/@jridgewell/set-array/-/set-array-1.1.2.tgz"
  "version" "1.1.2"

"@jridgewell/source-map@^0.3.3":
  "integrity" "sha512-b+fsZXeLYi9fEULmfBrhxn4IrPlINf8fiNarzTof004v3lFdntdwa9PF7vFJqm3mg7s+ScJMxXaE3Acp1irZcg=="
  "resolved" "https://registry.npmjs.org/@jridgewell/source-map/-/source-map-0.3.3.tgz"
  "version" "0.3.3"
  dependencies:
    "@jridgewell/gen-mapping" "^0.3.0"
    "@jridgewell/trace-mapping" "^0.3.9"

"@jridgewell/sourcemap-codec@^1.4.10":
  "integrity" "sha512-eF2rxCRulEKXHTRiDrDy6erMYWqNw4LPdQ8UQA4huuxaQsVeRPFl2oM8oDGxMFhJUWZf9McpLtJasDDZb/Bpeg=="
  "resolved" "https://registry.npmjs.org/@jridgewell/sourcemap-codec/-/sourcemap-codec-1.4.15.tgz"
  "version" "1.4.15"

"@jridgewell/sourcemap-codec@1.4.14":
  "integrity" "sha512-XPSJHWmi394fuUuzDnGz1wiKqWfo1yXecHQMRf2l6hztTO+nPru658AyDngaBe7isIxEkRsPR3FZh+s7iVa4Uw=="
  "resolved" "https://registry.npmjs.org/@jridgewell/sourcemap-codec/-/sourcemap-codec-1.4.14.tgz"
  "version" "1.4.14"

"@jridgewell/trace-mapping@^0.3.9":
  "integrity" "sha512-w+niJYzMHdd7USdiH2U6869nqhD2nbfZXND5Yp93qIbEmnDNk7PD48o+YchRVpzMU7M6jVCbenTR7PA1FLQ9pA=="
  "resolved" "https://registry.npmjs.org/@jridgewell/trace-mapping/-/trace-mapping-0.3.18.tgz"
  "version" "0.3.18"
  dependencies:
    "@jridgewell/resolve-uri" "3.1.0"
    "@jridgewell/sourcemap-codec" "1.4.14"

"@netlify/functions@^1.6.0":
  "integrity" "sha512-6G92AlcpFrQG72XU8YH8pg94eDnq7+Q0YJhb8x4qNpdGsvuzvrfHWBmqFGp/Yshmv4wex9lpsTRZOocdrA2erQ=="
  "resolved" "https://registry.npmjs.org/@netlify/functions/-/functions-1.6.0.tgz"
  "version" "1.6.0"
  dependencies:
    "is-promise" "^4.0.0"

"@putout/minify@^1.0.4":
  "integrity" "sha512-FlhkeoIm7d1QcipJnGDoDJVnFowWIEm4PhJQZk+BoOjLGKsj+u/BESJxWsOrOdsMKGYC+w1JwGyYAPzCstvbcw=="
  "resolved" "https://registry.npmjs.org/@putout/minify/-/minify-1.37.0.tgz"
  "version" "1.37.0"

"@tokenizer/token@^0.3.0":
  "integrity" "sha512-OvjF+z51L3ov0OyAU0duzsYuvO01PH7x4t6DJx+guahgTnBHkhJdG7soQeTSFLWN3efnHyibZ4Z8l2EuWwJN3A=="
  "resolved" "https://registry.npmjs.org/@tokenizer/token/-/token-0.3.0.tgz"
  "version" "0.3.0"

"@types/node@^14.18.48":
  "integrity" "sha512-iL0PIMwejpmuVHgfibHpfDwOdsbmB50wr21X71VnF5d7SsBF7WK+ZvP/SCcFm7Iwb9iiYSap9rlrdhToNAWdxg=="
  "resolved" "https://registry.npmjs.org/@types/node/-/node-14.18.48.tgz"
  "version" "14.18.48"

"acorn@^8.8.2":
  "integrity" "sha512-xjIYgE8HBrkpd/sJqOGNspf8uHG+NOHGOw6a/Urj8taM2EXfdNAH2oFcPeIFfsv3+kz/mJrS5VuMqbNLjCa2vw=="
  "resolved" "https://registry.npmjs.org/acorn/-/acorn-8.8.2.tgz"
  "version" "8.8.2"

"asynckit@^0.4.0":
  "integrity" "sha512-Oei9OH4tRh0YqU3GxhX79dM/mwVgvbZJaSNaRk+bshkj0S5cfHcgYakreBjrHwatXKbz+IoIdYLxrKim2MjW0Q=="
  "resolved" "https://registry.npmjs.org/asynckit/-/asynckit-0.4.0.tgz"
  "version" "0.4.0"

"axios@^1.4.0":
  "integrity" "sha512-S4XCWMEmzvo64T9GfvQDOXgYRDJ/wsSZc7Jvdgx5u1sd0JwsuPLqb3SYmusag+edF6ziyMensPVqLTSc1PiSEA=="
  "resolved" "https://registry.npmjs.org/axios/-/axios-1.4.0.tgz"
  "version" "1.4.0"
  dependencies:
    "follow-redirects" "^1.15.0"
    "form-data" "^4.0.0"
    "proxy-from-env" "^1.1.0"

"buffer-from@^1.0.0":
  "integrity" "sha512-E+XQCRwSbaaiChtv6k6Dwgc+bx+Bs6vuKJHHl5kox/BaKbhiXzqQOwK4cO22yElGp2OCmjwVhT3HmxgyPGnJfQ=="
  "resolved" "https://registry.npmjs.org/buffer-from/-/buffer-from-1.1.2.tgz"
  "version" "1.1.2"

"camel-case@^4.1.2":
  "integrity" "sha512-gxGWBrTT1JuMx6R+o5PTXMmUnhnVzLQ9SNutD4YqKtI6ap897t3tKECYla6gCWEkplXnlNybEkZg9GEGxKFCgw=="
  "resolved" "https://registry.npmjs.org/camel-case/-/camel-case-4.1.2.tgz"
  "version" "4.1.2"
  dependencies:
    "pascal-case" "^3.1.2"
    "tslib" "^2.0.3"

"clean-css@^5.0.1", "clean-css@~5.3.2":
  "integrity" "sha512-JVJbM+f3d3Q704rF4bqQ5UUyTtuJ0JRKNbTKVEeujCCBoMdkEi+V+e8oktO9qGQNSvHrFTM6JZRXrUvGR1czww=="
  "resolved" "https://registry.npmjs.org/clean-css/-/clean-css-5.3.2.tgz"
  "version" "5.3.2"
  dependencies:
    "source-map" "~0.6.0"

"combined-stream@^1.0.8":
  "integrity" "sha512-FQN4MRfuJeHf7cBbBMJFXhKSDq+2kAArBlmRBvcvFE5BB1HZKXtSFASDhdlz9zOYwxh8lDdnvmMOe/+5cdoEdg=="
  "resolved" "https://registry.npmjs.org/combined-stream/-/combined-stream-1.0.8.tgz"
  "version" "1.0.8"
  dependencies:
    "delayed-stream" "~1.0.0"

"commander@^10.0.0":
  "integrity" "sha512-y4Mg2tXshplEbSGzx7amzPwKKOCGuoSRP/CjEdwwk0FOGlUbq6lKuoyDZTNZkmxHdJtp54hdfY/JUrdL7Xfdug=="
  "resolved" "https://registry.npmjs.org/commander/-/commander-10.0.1.tgz"
  "version" "10.0.1"

"commander@^2.20.0":
  "integrity" "sha512-GpVkmM8vF2vQUkj2LvZmD35JxeJOLCwJ9cUkugyk2nuhbv3+mJvpLYYt+0+USMxE+oj+ey/lJEnhZw75x/OMcQ=="
  "resolved" "https://registry.npmjs.org/commander/-/commander-2.20.3.tgz"
  "version" "2.20.3"

"complex.js@^2.1.1":
  "integrity" "sha512-8njCHOTtFFLtegk6zQo0kkVX1rngygb/KQI6z1qZxlFI3scluC+LVTCFbrkWjBv4vvLlbQ9t88IPMC6k95VTTg=="
  "resolved" "https://registry.npmjs.org/complex.js/-/complex.js-2.1.1.tgz"
  "version" "2.1.1"

"compute-covariance@^1.0.1":
  "integrity" "sha512-GlenqOt/Xvky4mxBhf/08wt6jpeMEjEkJxfU1iLrk4PY7dnyQ74Nn5+JSQSutryvV36hzg2Gy+FxyHPGkmVkMQ=="
  "resolved" "https://registry.npmjs.org/compute-covariance/-/compute-covariance-1.0.1.tgz"
  "version" "1.0.1"
  dependencies:
    "validate.io-object" "^1.0.0"

"css-b64-images@~0.2.5":
  "integrity" "sha512-TgQBEdP07adhrDfXvI5o6bHGukKBNMzp2Ngckc/6d09zpjD2gc1Hl3Ca1CKgb8FXjHi88+Phv2Uegs2kTL4zjg=="
  "resolved" "https://registry.npmjs.org/css-b64-images/-/css-b64-images-0.2.5.tgz"
  "version" "0.2.5"

"debug@^4.1.0":
  "integrity" "sha512-PRWFHuSU3eDtQJPvnNY7Jcket1j0t5OuOsFzPPzsekD52Zl8qUfFIPEiswXqIvHWGVHOgX+7G/vCNNhehwxfkQ=="
  "resolved" "https://registry.npmjs.org/debug/-/debug-4.3.4.tgz"
  "version" "4.3.4"
  dependencies:
    "ms" "2.1.2"

"decimal.js@^10.4.3":
  "integrity" "sha512-VBBaLc1MgL5XpzgIP7ny5Z6Nx3UrRkIViUkPUdtl9aya5amy3De1gsUUSB1g3+3sExYNjCAsAznmukyxCb1GRA=="
  "resolved" "https://registry.npmjs.org/decimal.js/-/decimal.js-10.4.3.tgz"
  "version" "10.4.3"

"delayed-stream@~1.0.0":
  "integrity" "sha512-ZySD7Nf91aLB0RxL4KGrKHBXl7Eds1DAmEdcoVawXnLD7SDhpNgtuII2aAkg7a7QS41jxPSZ17p4VdGnMHk3MQ=="
  "resolved" "https://registry.npmjs.org/delayed-stream/-/delayed-stream-1.0.0.tgz"
  "version" "1.0.0"

"dot-case@^3.0.4":
  "integrity" "sha512-Kv5nKlh6yRrdrGvxeJ2e5y2eRUpkUosIW4A2AS38zwSz27zu7ufDwQPi5Jhs3XAlGNetl3bmnGhQsMtkKJnj3w=="
  "resolved" "https://registry.npmjs.org/dot-case/-/dot-case-3.0.4.tgz"
  "version" "3.0.4"
  dependencies:
    "no-case" "^3.0.4"
    "tslib" "^2.0.3"

"entities@^4.4.0":
  "integrity" "sha512-V0hjH4dGPh9Ao5p0MoRY6BVqtwCjhz6vI5LT8AJ55H+4g9/4vbHx1I54fS0XuclLhDHArPQCiMjDxjaL8fPxhw=="
  "resolved" "https://registry.npmjs.org/entities/-/entities-4.5.0.tgz"
  "version" "4.5.0"

"escape-latex@^1.2.0":
  "integrity" "sha512-nV5aVWW1K0wEiUIEdZ4erkGGH8mDxGyxSeqPzRNtWP7ataw+/olFObw7hujFWlVjNsaDFw5VZ5NzVSIqRgfTiw=="
  "resolved" "https://registry.npmjs.org/escape-latex/-/escape-latex-1.2.0.tgz"
  "version" "1.2.0"

"file-type@^18.4.0":
  "integrity" "sha512-yvpl5U868+V6PqXHMmsESpg6unQ5GfnPssl4dxdJudBrr9qy7Fddt7EVX1VLlddFfe8Gj9N7goCZH22FXuSQXQ=="
  "resolved" "https://registry.npmjs.org/file-type/-/file-type-18.5.0.tgz"
  "version" "18.5.0"
  dependencies:
    "readable-web-to-node-stream" "^3.0.2"
    "strtok3" "^7.0.0"
    "token-types" "^5.0.1"

"find-up@^6.1.0":
  "integrity" "sha512-v2ZsoEuVHYy8ZIlYqwPe/39Cy+cFDzp4dXPaxNvkEuouymu+2Jbz0PxpKarJHYJTmv2HWT3O382qY8l4jMWthw=="
  "resolved" "https://registry.npmjs.org/find-up/-/find-up-6.3.0.tgz"
  "version" "6.3.0"
  dependencies:
    "locate-path" "^7.1.0"
    "path-exists" "^5.0.0"

"follow-redirects@^1.15.0":
  "integrity" "sha512-VQLG33o04KaQ8uYi2tVNbdrWp1QWxNNea+nmIB4EVM28v0hmP17z7aG1+wAkNzVq4KeXTq3221ye5qTJP91JwA=="
  "resolved" "https://registry.npmjs.org/follow-redirects/-/follow-redirects-1.15.2.tgz"
  "version" "1.15.2"

"form-data@^4.0.0":
  "integrity" "sha512-ETEklSGi5t0QMZuiXoA/Q6vcnxcLQP5vdugSpuAyi6SVGi2clPPp+xgEhuMaHC+zGgn31Kd235W35f7Hykkaww=="
  "resolved" "https://registry.npmjs.org/form-data/-/form-data-4.0.0.tgz"
  "version" "4.0.0"
  dependencies:
    "asynckit" "^0.4.0"
    "combined-stream" "^1.0.8"
    "mime-types" "^2.1.12"

"fraction.js@^4.2.0":
  "integrity" "sha512-MhLuK+2gUcnZe8ZHlaaINnQLl0xRIGRfcGk2yl8xoQAfHrSsL3rYu6FCmBdkdbhc9EPlwyGHewaRsvwRMJtAlA=="
  "resolved" "https://registry.npmjs.org/fraction.js/-/fraction.js-4.2.0.tgz"
  "version" "4.2.0"

"html-minifier-terser@^7.1.0":
  "integrity" "sha512-tXgn3QfqPIpGl9o+K5tpcj3/MN4SfLtsx2GWwBC3SSd0tXQGyF3gsSqad8loJgKZGM3ZxbYDd5yhiBIdWpmvLA=="
  "resolved" "https://registry.npmjs.org/html-minifier-terser/-/html-minifier-terser-7.2.0.tgz"
  "version" "7.2.0"
  dependencies:
    "camel-case" "^4.1.2"
    "clean-css" "~5.3.2"
    "commander" "^10.0.0"
    "entities" "^4.4.0"
    "param-case" "^3.0.4"
    "relateurl" "^0.2.7"
    "terser" "^5.15.1"

"ieee754@^1.2.1":
  "integrity" "sha512-dcyqhDvX1C46lXZcVqCpK+FtMRQVdIMN6/Df5js2zouUsqG7I6sFxitIC+7KYK29KdXOLHdu9zL4sFnoVQnqaA=="
  "resolved" "https://registry.npmjs.org/ieee754/-/ieee754-1.2.1.tgz"
  "version" "1.2.1"

"inherits@^2.0.3":
  "integrity" "sha512-k/vGaX4/Yla3WzyMCvTQOXYeIHvqOKtnqBduzTHpzpQZzAskKMhZ2K+EnBiSM9zGSoIFeMpXKxa4dYeZIQqewQ=="
  "resolved" "https://registry.npmjs.org/inherits/-/inherits-2.0.4.tgz"
  "version" "2.0.4"

"is-promise@^4.0.0":
  "integrity" "sha512-hvpoI6korhJMnej285dSg6nu1+e6uxs7zG3BYAm5byqDsgJNWwxzM6z6iZiAgQR4TJ30JmBTOwqZUw3WlyH3AQ=="
  "resolved" "https://registry.npmjs.org/is-promise/-/is-promise-4.0.0.tgz"
  "version" "4.0.0"

"javascript-natural-sort@^0.7.1":
  "integrity" "sha512-nO6jcEfZWQXDhOiBtG2KvKyEptz7RVbpGP4vTD2hLBdmNQSsCiicO2Ioinv6UI4y9ukqnBpy+XZ9H6uLNgJTlw=="
  "resolved" "https://registry.npmjs.org/javascript-natural-sort/-/javascript-natural-sort-0.7.1.tgz"
  "version" "0.7.1"

"jju@^1.4.0":
  "integrity" "sha512-8wb9Yw966OSxApiCt0K3yNJL8pnNeIv+OEq2YMidz4FKP6nonSRoOXc80iXY4JaN2FC11B9qsNmDsm+ZOfMROA=="
  "resolved" "https://registry.npmjs.org/jju/-/jju-1.4.0.tgz"
  "version" "1.4.0"

"locate-path@^7.1.0":
  "integrity" "sha512-gvVijfZvn7R+2qyPX8mAuKcFGDf6Nc61GdvGafQsHL0sBIxfKzA+usWn4GFC/bk+QdwPUD4kWFJLhElipq+0VA=="
  "resolved" "https://registry.npmjs.org/locate-path/-/locate-path-7.2.0.tgz"
  "version" "7.2.0"
  dependencies:
    "p-locate" "^6.0.0"

"lower-case@^2.0.2":
  "integrity" "sha512-7fm3l3NAF9WfN6W3JOmf5drwpVqX78JtoGJ3A6W0a6ZnldM41w2fV5D490psKFTpMds8TJse/eHLFFsNHHjHgg=="
  "resolved" "https://registry.npmjs.org/lower-case/-/lower-case-2.0.2.tgz"
  "version" "2.0.2"
  dependencies:
    "tslib" "^2.0.3"

"mathjs@^11.8.0":
  "integrity" "sha512-I7r8HCoqUGyEiHQdeOCF2m2k9N+tcOHO3cZQ3tyJkMMBQMFqMR7dMQEboBMJAiFW2Um3PEItGPwcOc4P6KRqwg=="
  "resolved" "https://registry.npmjs.org/mathjs/-/mathjs-11.8.0.tgz"
  "version" "11.8.0"
  dependencies:
    "@babel/runtime" "^7.21.0"
    "complex.js" "^2.1.1"
    "decimal.js" "^10.4.3"
    "escape-latex" "^1.2.0"
    "fraction.js" "^4.2.0"
    "javascript-natural-sort" "^0.7.1"
    "seedrandom" "^3.0.5"
    "tiny-emitter" "^2.1.0"
    "typed-function" "^4.1.0"

"mime-db@1.52.0":
  "integrity" "sha512-sPU4uV7dYlvtWJxwwxHD0PuihVNiE7TyAbQ5SWxDCB9mUYvOgroQOwYQQOKPJ8CIbE+1ETVlOoK1UC2nU3gYvg=="
  "resolved" "https://registry.npmjs.org/mime-db/-/mime-db-1.52.0.tgz"
  "version" "1.52.0"

"mime-types@^2.1.12":
  "integrity" "sha512-ZDY+bPm5zTTF+YpCrAU9nK0UgICYPT0QtT1NZWFv4s++TNkcgVaT0g6+4R2uI4MjQjzysHB1zxuWL50hzaeXiw=="
  "resolved" "https://registry.npmjs.org/mime-types/-/mime-types-2.1.35.tgz"
  "version" "2.1.35"
  dependencies:
    "mime-db" "1.52.0"

"minify@^10.2.0":
  "integrity" "sha512-DW+Bz4RLVie+P1RiDFA3jp2G+XOBimhNw4sp6at7m77qIN2SUNywI5fFeSOLHLOP8EY+jwxFnCyC1BccU+f6Bg=="
  "resolved" "https://registry.npmjs.org/minify/-/minify-10.2.0.tgz"
  "version" "10.2.0"
  dependencies:
    "@putout/minify" "^1.0.4"
    "clean-css" "^5.0.1"
    "css-b64-images" "~0.2.5"
    "debug" "^4.1.0"
    "file-type" "^18.4.0"
    "find-up" "^6.1.0"
    "html-minifier-terser" "^7.1.0"
    "readjson" "^2.2.2"
    "simport" "^1.2.0"
    "try-catch" "^3.0.0"
    "try-to-catch" "^3.0.0"

"ms@2.1.2":
  "integrity" "sha512-sGkPx+VjMtmA6MX27oA4FBFELFCZZ4S4XqeGOXCv68tT+jb3vk/RyaKWP0PTKyWtmLSM0b+adUTEvbs1PEaH2w=="
  "resolved" "https://registry.npmjs.org/ms/-/ms-2.1.2.tgz"
  "version" "2.1.2"

"no-case@^3.0.4":
  "integrity" "sha512-fgAN3jGAh+RoxUGZHTSOLJIqUc2wmoBwGR4tbpNAKmmovFoWq0OdRkb0VkldReO2a2iBT/OEulG9XSUc10r3zg=="
  "resolved" "https://registry.npmjs.org/no-case/-/no-case-3.0.4.tgz"
  "version" "3.0.4"
  dependencies:
    "lower-case" "^2.0.2"
    "tslib" "^2.0.3"

"numeric@^1.2.6":
  "integrity" "sha512-avBiDAP8siMa7AfJgYyuxw1oyII4z2sswS23+O+ZfV28KrtNzy0wxUFwi4f3RyM4eeeXNs1CThxR7pb5QQcMiw=="
  "resolved" "https://registry.npmjs.org/numeric/-/numeric-1.2.6.tgz"
  "version" "1.2.6"

"p-limit@^4.0.0":
  "integrity" "sha512-5b0R4txpzjPWVw/cXXUResoD4hb6U/x9BH08L7nw+GN1sezDzPdxeRvpc9c433fZhBan/wusjbCsqwqm4EIBIQ=="
  "resolved" "https://registry.npmjs.org/p-limit/-/p-limit-4.0.0.tgz"
  "version" "4.0.0"
  dependencies:
    "yocto-queue" "^1.0.0"

"p-locate@^6.0.0":
  "integrity" "sha512-wPrq66Llhl7/4AGC6I+cqxT07LhXvWL08LNXz1fENOw0Ap4sRZZ/gZpTTJ5jpurzzzfS2W/Ge9BY3LgLjCShcw=="
  "resolved" "https://registry.npmjs.org/p-locate/-/p-locate-6.0.0.tgz"
  "version" "6.0.0"
  dependencies:
    "p-limit" "^4.0.0"

"param-case@^3.0.4":
  "integrity" "sha512-RXlj7zCYokReqWpOPH9oYivUzLYZ5vAPIfEmCTNViosC78F8F0H9y7T7gG2M39ymgutxF5gcFEsyZQSph9Bp3A=="
  "resolved" "https://registry.npmjs.org/param-case/-/param-case-3.0.4.tgz"
  "version" "3.0.4"
  dependencies:
    "dot-case" "^3.0.4"
    "tslib" "^2.0.3"

"pascal-case@^3.1.2":
  "integrity" "sha512-uWlGT3YSnK9x3BQJaOdcZwrnV6hPpd8jFH1/ucpiLRPh/2zCVJKS19E4GvYHvaCcACn3foXZ0cLB9Wrx1KGe5g=="
  "resolved" "https://registry.npmjs.org/pascal-case/-/pascal-case-3.1.2.tgz"
  "version" "3.1.2"
  dependencies:
    "no-case" "^3.0.4"
    "tslib" "^2.0.3"

"path-exists@^5.0.0":
  "integrity" "sha512-RjhtfwJOxzcFmNOi6ltcbcu4Iu+FL3zEj83dk4kAS+fVpTxXLO1b38RvJgT/0QwvV/L3aY9TAnyv0EOqW4GoMQ=="
  "resolved" "https://registry.npmjs.org/path-exists/-/path-exists-5.0.0.tgz"
  "version" "5.0.0"

"peek-readable@^5.0.0":
  "integrity" "sha512-YtCKvLUOvwtMGmrniQPdO7MwPjgkFBtFIrmfSbYmYuq3tKDV/mcfAhBth1+C3ru7uXIZasc/pHnb+YDYNkkj4A=="
  "resolved" "https://registry.npmjs.org/peek-readable/-/peek-readable-5.0.0.tgz"
  "version" "5.0.0"

"prettier@^2.8.8":
  "integrity" "sha512-tdN8qQGvNjw4CHbY+XXk0JgCXn9QiF21a55rBe5LJAU+kDyC4WQn4+awm2Xfk2lQMk5fKup9XgzTZtGkjBdP9Q=="
  "resolved" "https://registry.npmjs.org/prettier/-/prettier-2.8.8.tgz"
  "version" "2.8.8"

"proxy-from-env@^1.1.0":
  "integrity" "sha512-D+zkORCbA9f1tdWRK0RaCR3GPv50cMxcrz4X8k5LTSUD1Dkw47mKJEZQNunItRTkWwgtaUSo1RVFRIG9ZXiFYg=="
  "resolved" "https://registry.npmjs.org/proxy-from-env/-/proxy-from-env-1.1.0.tgz"
  "version" "1.1.0"

"readable-stream@^3.6.0":
  "integrity" "sha512-9u/sniCrY3D5WdsERHzHE4G2YCXqoG5FTHUiCC4SIbr6XcLZBY05ya9EKjYek9O5xOAwjGq+1JdGBAS7Q9ScoA=="
  "resolved" "https://registry.npmjs.org/readable-stream/-/readable-stream-3.6.2.tgz"
  "version" "3.6.2"
  dependencies:
    "inherits" "^2.0.3"
    "string_decoder" "^1.1.1"
    "util-deprecate" "^1.0.1"

"readable-web-to-node-stream@^3.0.2":
  "integrity" "sha512-ePeK6cc1EcKLEhJFt/AebMCLL+GgSKhuygrZ/GLaKZYEecIgIECf4UaUuaByiGtzckwR4ain9VzUh95T1exYGw=="
  "resolved" "https://registry.npmjs.org/readable-web-to-node-stream/-/readable-web-to-node-stream-3.0.2.tgz"
  "version" "3.0.2"
  dependencies:
    "readable-stream" "^3.6.0"

"readjson@^2.2.0", "readjson@^2.2.2":
  "integrity" "sha512-PdeC9tsmLWBiL8vMhJvocq+OezQ3HhsH2HrN7YkhfYcTjQSa/iraB15A7Qvt7Xpr0Yd2rDNt6GbFwVQDg3HcAw=="
  "resolved" "https://registry.npmjs.org/readjson/-/readjson-2.2.2.tgz"
  "version" "2.2.2"
  dependencies:
    "jju" "^1.4.0"
    "try-catch" "^3.0.0"

"regenerator-runtime@^0.13.11":
  "integrity" "sha512-kY1AZVr2Ra+t+piVaJ4gxaFaReZVH40AKNo7UCX6W+dEwBo/2oZJzqfuN1qLq1oL45o56cPaTXELwrTh8Fpggg=="
  "resolved" "https://registry.npmjs.org/regenerator-runtime/-/regenerator-runtime-0.13.11.tgz"
  "version" "0.13.11"

"relateurl@^0.2.7":
  "integrity" "sha512-G08Dxvm4iDN3MLM0EsP62EDV9IuhXPR6blNz6Utcp7zyV3tr4HVNINt6MpaRWbxoOHT3Q7YN2P+jaHX8vUbgog=="
  "resolved" "https://registry.npmjs.org/relateurl/-/relateurl-0.2.7.tgz"
  "version" "0.2.7"

"safe-buffer@~5.2.0":
  "integrity" "sha512-rp3So07KcdmmKbGvgaNxQSJr7bGVSVk5S9Eq1F+ppbRo70+YeaDxkw5Dd8NPN+GD6bjnYm2VuPuCXmpuYvmCXQ=="
  "resolved" "https://registry.npmjs.org/safe-buffer/-/safe-buffer-5.2.1.tgz"
  "version" "5.2.1"

"seedrandom@^3.0.5":
  "integrity" "sha512-8OwmbklUNzwezjGInmZ+2clQmExQPvomqjL7LFqOYqtmuxRgQYqOD3mHaU+MvZn5FLUeVxVfQjwLZW/n/JFuqg=="
  "resolved" "https://registry.npmjs.org/seedrandom/-/seedrandom-3.0.5.tgz"
  "version" "3.0.5"

"simport@^1.2.0":
  "integrity" "sha512-85Bm7pKsqiiQ8rmYCaPDdlXZjJvuW6/k/FY8MTtLFMgU7f8S00CgTHfRtWB6KwSb6ek4p9YyG2enG1+yJbl+CA=="
  "resolved" "https://registry.npmjs.org/simport/-/simport-1.2.0.tgz"
  "version" "1.2.0"
  dependencies:
    "readjson" "^2.2.0"
    "try-to-catch" "^3.0.0"

"source-map-support@~0.5.20":
  "integrity" "sha512-uBHU3L3czsIyYXKX88fdrGovxdSCoTGDRZ6SYXtSRxLZUzHg5P/66Ht6uoUlHu9EZod+inXhKo3qQgwXUT/y1w=="
  "resolved" "https://registry.npmjs.org/source-map-support/-/source-map-support-0.5.21.tgz"
  "version" "0.5.21"
  dependencies:
    "buffer-from" "^1.0.0"
    "source-map" "^0.6.0"

"source-map@^0.6.0", "source-map@~0.6.0":
  "integrity" "sha512-UjgapumWlbMhkBgzT7Ykc5YXUT46F0iKu8SGXq0bcwP5dz/h0Plj6enJqjz1Zbq2l5WaqYnrVbwWOWMyF3F47g=="
  "resolved" "https://registry.npmjs.org/source-map/-/source-map-0.6.1.tgz"
  "version" "0.6.1"

"string_decoder@^1.1.1":
  "integrity" "sha512-hkRX8U1WjJFd8LsDJ2yQ/wWWxaopEsABU1XfkM8A+j0+85JAGppt16cr1Whg6KIbb4okU6Mql6BOj+uup/wKeA=="
  "resolved" "https://registry.npmjs.org/string_decoder/-/string_decoder-1.3.0.tgz"
  "version" "1.3.0"
  dependencies:
    "safe-buffer" "~5.2.0"

"strtok3@^7.0.0":
  "integrity" "sha512-pQ+V+nYQdC5H3Q7qBZAz/MO6lwGhoC2gOAjuouGf/VO0m7vQRh8QNMl2Uf6SwAtzZ9bOw3UIeBukEGNJl5dtXQ=="
  "resolved" "https://registry.npmjs.org/strtok3/-/strtok3-7.0.0.tgz"
  "version" "7.0.0"
  dependencies:
    "@tokenizer/token" "^0.3.0"
    "peek-readable" "^5.0.0"

"terser@^5.15.1":
  "integrity" "sha512-/bi0Zm2C6VAexlGgLlVxA0P2lru/sdLyfCVaRMfKVo9nWxbmz7f/sD8VPybPeSUJaJcwmCJis9pBIhcVcG1QcQ=="
  "resolved" "https://registry.npmjs.org/terser/-/terser-5.17.7.tgz"
  "version" "5.17.7"
  dependencies:
    "@jridgewell/source-map" "^0.3.3"
    "acorn" "^8.8.2"
    "commander" "^2.20.0"
    "source-map-support" "~0.5.20"

"tiny-emitter@^2.1.0":
  "integrity" "sha512-NB6Dk1A9xgQPMoGqC5CVXn123gWyte215ONT5Pp5a0yt4nlEoO1ZWeCwpncaekPHXO60i47ihFnZPiRPjRMq4Q=="
  "resolved" "https://registry.npmjs.org/tiny-emitter/-/tiny-emitter-2.1.0.tgz"
  "version" "2.1.0"

"token-types@^5.0.1":
  "integrity" "sha512-Y2fmSnZjQdDb9W4w4r1tswlMHylzWIeOKpx0aZH9BgGtACHhrk3OkT52AzwcuqTRBZtvvnTjDBh8eynMulu8Vg=="
  "resolved" "https://registry.npmjs.org/token-types/-/token-types-5.0.1.tgz"
  "version" "5.0.1"
  dependencies:
    "@tokenizer/token" "^0.3.0"
    "ieee754" "^1.2.1"

"try-catch@^3.0.0":
  "integrity" "sha512-91yfXw1rr/P6oLpHSyHDOHm0vloVvUoo9FVdw8YwY05QjJQG9OT0LUxe2VRAzmHG+0CUOmI3nhxDUMLxDN/NEQ=="
  "resolved" "https://registry.npmjs.org/try-catch/-/try-catch-3.0.1.tgz"
  "version" "3.0.1"

"try-to-catch@^3.0.0":
  "integrity" "sha512-hOY83V84Hx/1sCzDSaJA+Xz2IIQOHRvjxzt+F0OjbQGPZ6yLPLArMA0gw/484MlfUkQbCpKYMLX3VDCAjWKfzQ=="
  "resolved" "https://registry.npmjs.org/try-to-catch/-/try-to-catch-3.0.1.tgz"
  "version" "3.0.1"

"tslib@^2.0.3":
  "integrity" "sha512-mSxlJJwl3BMEQCUNnxXBU9jP4JBktcEGhURcPR6VQVlnP0FdDEsIaz0C35dXNGLyRfrATNofF0F5p2KPxQgB+w=="
  "resolved" "https://registry.npmjs.org/tslib/-/tslib-2.5.3.tgz"
  "version" "2.5.3"

"typed-function@^4.1.0":
  "integrity" "sha512-DGwUl6cioBW5gw2L+6SMupGwH/kZOqivy17E4nsh1JI9fKF87orMmlQx3KISQPmg3sfnOUGlwVkroosvgddrlg=="
  "resolved" "https://registry.npmjs.org/typed-function/-/typed-function-4.1.0.tgz"
  "version" "4.1.0"

"typescript@^4.9.5":
  "integrity" "sha512-1FXk9E2Hm+QzZQ7z+McJiHL4NW1F2EzMu9Nq9i3zAaGqibafqYwCVU6WyWAuyQRRzOlxou8xZSyXLEN8oKj24g=="
  "resolved" "https://registry.npmjs.org/typescript/-/typescript-4.9.5.tgz"
  "version" "4.9.5"

"util-deprecate@^1.0.1":
  "integrity" "sha512-EPD5q1uXyFxJpCrLnCc1nHnq3gOa6DZBocAIiI2TaSCA7VCJ1UJDMagCzIkXNsUYfD1daK//LTEQ8xiIbrHtcw=="
  "resolved" "https://registry.npmjs.org/util-deprecate/-/util-deprecate-1.0.2.tgz"
  "version" "1.0.2"

"validate.io-array@^1.0.1":
  "integrity" "sha512-DeOy7CnPEziggrOO5CZhVKJw6S3Yi7e9e65R1Nl/RTN1vTQKnzjfvks0/8kQ40FP/dsjRAOd4hxmJ7uLa6vxkg=="
  "resolved" "https://registry.npmjs.org/validate.io-array/-/validate.io-array-1.0.6.tgz"
  "version" "1.0.6"

"validate.io-object@^1.0.0":
  "integrity" "sha512-7F6MQSNoYmFm/zpvwg2fzDwQbZln9QRNWwmF6acm+QMkeluKVfXIw/D/Z/Sarg7yjmj1Go9WIjFXzmX86eCGYA=="
  "resolved" "https://registry.npmjs.org/validate.io-object/-/validate.io-object-1.0.4.tgz"
  "version" "1.0.4"
  dependencies:
    "validate.io-array" "^1.0.1"

"yocto-queue@^1.0.0":
  "integrity" "sha512-9bnSc/HEW2uRy67wc+T8UwauLuPJVn28jb+GtJY16iiKWyvmYJRXVT4UamsAEGQfPohgr2q4Tq0sQbQlxTfi1g=="
  "resolved" "https://registry.npmjs.org/yocto-queue/-/yocto-queue-1.0.0.tgz"
  "version" "1.0.0"
